// !$*UTF8*$!
{
	archiveVersion = 1;
	classes = {
	};
	objectVersion = 77;
	objects = {

/* Begin PBXContainerItemProxy section */
		4D153EF32E126A5D00AFA2BF /* PBXContainerItemProxy */ = {
			isa = PBXContainerItemProxy;
			containerPortal = 4D153EDD2E126A5700AFA2BF /* Project object */;
			proxyType = 1;
			remoteGlobalIDString = 4D153EE42E126A5700AFA2BF;
			remoteInfo = WeAct;
		};
		4D153EFD2E126A5D00AFA2BF /* PBXContainerItemProxy */ = {
			isa = PBXContainerItemProxy;
			containerPortal = 4D153EDD2E126A5700AFA2BF /* Project object */;
			proxyType = 1;
			remoteGlobalIDString = 4D153EE42E126A5700AFA2BF;
			remoteInfo = WeAct;
		};
/* End PBXContainerItemProxy section */

/* Begin PBXCopyFilesBuildPhase section */
		4D823B1B2E180EF300E1FECE /* Embed Watch Content */ = {
			isa = PBXCopyFilesBuildPhase;
			buildActionMask = 2147483647;
			dstPath = "$(CONTENTS_FOLDER_PATH)/Watch";
			dstSubfolderSpec = 16;
			files = (
			);
			name = "Embed Watch Content";
			runOnlyForDeploymentPostprocessing = 0;
		};
/* End PBXCopyFilesBuildPhase section */

/* Begin PBXFileReference section */
		4D153EE52E126A5700AFA2BF /* WeAct.app */ = {isa = PBXFileReference; explicitFileType = wrapper.application; includeInIndex = 0; path = WeAct.app; sourceTree = BUILT_PRODUCTS_DIR; };
		4D153EF22E126A5D00AFA2BF /* WeActTests.xctest */ = {isa = PBXFileReference; explicitFileType = wrapper.cfbundle; includeInIndex = 0; path = WeActTests.xctest; sourceTree = BUILT_PRODUCTS_DIR; };
		4D153EFC2E126A5D00AFA2BF /* WeActUITests.xctest */ = {isa = PBXFileReference; explicitFileType = wrapper.cfbundle; includeInIndex = 0; path = WeActUITests.xctest; sourceTree = BUILT_PRODUCTS_DIR; };
/* End PBXFileReference section */

/* Begin PBXFileSystemSynchronizedBuildFileExceptionSet section */
		510606722E164D19000C37B9 /* Exceptions for "WeAct" folder in "WeAct" target */ = {
			isa = PBXFileSystemSynchronizedBuildFileExceptionSet;
			membershipExceptions = (
				Data/SwiftDataUserModel.swift,
				Info.plist,
			);
			target = 4D153EE42E126A5700AFA2BF /* WeAct */;
		};
/* End PBXFileSystemSynchronizedBuildFileExceptionSet section */

/* Begin PBXFileSystemSynchronizedGroupBuildPhaseMembershipExceptionSet section */
		4D79E9B72E1E4A2500D5506A /* Exceptions for "WeAct" folder in "Copy Bundle Resources" phase from "WeAct" target */ = {
			isa = PBXFileSystemSynchronizedGroupBuildPhaseMembershipExceptionSet;
			buildPhase = 4D153EE32E126A5700AFA2BF /* Resources */;
			membershipExceptions = (
				Data/SwiftDataUserModel.swift,
			);
		};
/* End PBXFileSystemSynchronizedGroupBuildPhaseMembershipExceptionSet section */

/* Begin PBXFileSystemSynchronizedRootGroup section */
		4D153EF52E126A5D00AFA2BF /* WeActTests */ = {
			isa = PBXFileSystemSynchronizedRootGroup;
			path = WeActTests;
			sourceTree = "<group>";
		};
		4D153EFF2E126A5D00AFA2BF /* WeActUITests */ = {
			isa = PBXFileSystemSynchronizedRootGroup;
			path = WeActUITests;
			sourceTree = "<group>";
		};
		E52F3F3A2E12714900B2E885 /* WeAct */ = {
			isa = PBXFileSystemSynchronizedRootGroup;
			exceptions = (
				510606722E164D19000C37B9 /* Exceptions for "WeAct" folder in "WeAct" target */,
				4D79E9B72E1E4A2500D5506A /* Exceptions for "WeAct" folder in "Copy Bundle Resources" phase from "WeAct" target */,
			);
			path = WeAct;
			sourceTree = "<group>";
		};
/* End PBXFileSystemSynchronizedRootGroup section */

/* Begin PBXFrameworksBuildPhase section */
		4D153EE22E126A5700AFA2BF /* Frameworks */ = {
			isa = PBXFrameworksBuildPhase;
			buildActionMask = 2147483647;
			files = (
			);
			runOnlyForDeploymentPostprocessing = 0;
		};
		4D153EEF2E126A5D00AFA2BF /* Frameworks */ = {
			isa = PBXFrameworksBuildPhase;
			buildActionMask = 2147483647;
			files = (
			);
			runOnlyForDeploymentPostprocessing = 0;
		};
		4D153EF92E126A5D00AFA2BF /* Frameworks */ = {
			isa = PBXFrameworksBuildPhase;
			buildActionMask = 2147483647;
			files = (
			);
			runOnlyForDeploymentPostprocessing = 0;
		};
/* End PBXFrameworksBuildPhase section */

/* Begin PBXGroup section */
		4D153EDC2E126A5700AFA2BF = {
			isa = PBXGroup;
			children = (
				E52F3F3A2E12714900B2E885 /* WeAct */,
				4D153EF52E126A5D00AFA2BF /* WeActTests */,
				4D153EFF2E126A5D00AFA2BF /* WeActUITests */,
				4D153EE62E126A5700AFA2BF /* Products */,
			);
			sourceTree = "<group>";
		};
		4D153EE62E126A5700AFA2BF /* Products */ = {
			isa = PBXGroup;
			children = (
				4D153EE52E126A5700AFA2BF /* WeAct.app */,
				4D153EF22E126A5D00AFA2BF /* WeActTests.xctest */,
				4D153EFC2E126A5D00AFA2BF /* WeActUITests.xctest */,
			);
			name = Products;
			sourceTree = "<group>";
		};
/* End PBXGroup section */

/* Begin PBXNativeTarget section */
		4D153EE42E126A5700AFA2BF /* WeAct */ = {
			isa = PBXNativeTarget;
			buildConfigurationList = 4D153F062E126A5D00AFA2BF /* Build configuration list for PBXNativeTarget "WeAct" */;
			buildPhases = (
				4D153EE12E126A5700AFA2BF /* Sources */,
				4D153EE22E126A5700AFA2BF /* Frameworks */,
				4D153EE32E126A5700AFA2BF /* Resources */,
				4D823B1B2E180EF300E1FECE /* Embed Watch Content */,
			);
			buildRules = (
			);
			dependencies = (
			);
			fileSystemSynchronizedGroups = (
				E52F3F3A2E12714900B2E885 /* WeAct */,
			);
			name = WeAct;
			packageProductDependencies = (
			);
			productName = WeAct;
			productReference = 4D153EE52E126A5700AFA2BF /* WeAct.app */;
			productType = "com.apple.product-type.application";
		};
		4D153EF12E126A5D00AFA2BF /* WeActTests */ = {
			isa = PBXNativeTarget;
			buildConfigurationList = 4D153F092E126A5D00AFA2BF /* Build configuration list for PBXNativeTarget "WeActTests" */;
			buildPhases = (
				4D153EEE2E126A5D00AFA2BF /* Sources */,
				4D153EEF2E126A5D00AFA2BF /* Frameworks */,
				4D153EF02E126A5D00AFA2BF /* Resources */,
			);
			buildRules = (
			);
			dependencies = (
				4D153EF42E126A5D00AFA2BF /* PBXTargetDependency */,
			);
			fileSystemSynchronizedGroups = (
				4D153EF52E126A5D00AFA2BF /* WeActTests */,
			);
			name = WeActTests;
			packageProductDependencies = (
			);
			productName = WeActTests;
			productReference = 4D153EF22E126A5D00AFA2BF /* WeActTests.xctest */;
			productType = "com.apple.product-type.bundle.unit-test";
		};
		4D153EFB2E126A5D00AFA2BF /* WeActUITests */ = {
			isa = PBXNativeTarget;
			buildConfigurationList = 4D153F0C2E126A5D00AFA2BF /* Build configuration list for PBXNativeTarget "WeActUITests" */;
			buildPhases = (
				4D153EF82E126A5D00AFA2BF /* Sources */,
				4D153EF92E126A5D00AFA2BF /* Frameworks */,
				4D153EFA2E126A5D00AFA2BF /* Resources */,
			);
			buildRules = (
			);
			dependencies = (
				4D153EFE2E126A5D00AFA2BF /* PBXTargetDependency */,
			);
			fileSystemSynchronizedGroups = (
				4D153EFF2E126A5D00AFA2BF /* WeActUITests */,
			);
			name = WeActUITests;
			packageProductDependencies = (
			);
			productName = WeActUITests;
			productReference = 4D153EFC2E126A5D00AFA2BF /* WeActUITests.xctest */;
			productType = "com.apple.product-type.bundle.ui-testing";
		};
/* End PBXNativeTarget section */

/* Begin PBXProject section */
		4D153EDD2E126A5700AFA2BF /* Project object */ = {
			isa = PBXProject;
			attributes = {
				BuildIndependentTargetsInParallel = 1;
				LastSwiftUpdateCheck = 1640;
				LastUpgradeCheck = 1640;
				TargetAttributes = {
					4D153EE42E126A5700AFA2BF = {
						CreatedOnToolsVersion = 16.4;
					};
					4D153EF12E126A5D00AFA2BF = {
						CreatedOnToolsVersion = 16.4;
						TestTargetID = 4D153EE42E126A5700AFA2BF;
					};
					4D153EFB2E126A5D00AFA2BF = {
						CreatedOnToolsVersion = 16.4;
						TestTargetID = 4D153EE42E126A5700AFA2BF;
					};
				};
			};
			buildConfigurationList = 4D153EE02E126A5700AFA2BF /* Build configuration list for PBXProject "WeAct" */;
			developmentRegion = en;
			hasScannedForEncodings = 0;
			knownRegions = (
				en,
				Base,
			);
			mainGroup = 4D153EDC2E126A5700AFA2BF;
			minimizedProjectReferenceProxies = 1;
			preferredProjectObjectVersion = 77;
			productRefGroup = 4D153EE62E126A5700AFA2BF /* Products */;
			projectDirPath = "";
			projectRoot = "";
			targets = (
				4D153EE42E126A5700AFA2BF /* WeAct */,
				4D153EF12E126A5D00AFA2BF /* WeActTests */,
				4D153EFB2E126A5D00AFA2BF /* WeActUITests */,
			);
		};
/* End PBXProject section */

/* Begin PBXResourcesBuildPhase section */
		4D153EE32E126A5700AFA2BF /* Resources */ = {
			isa = PBXResourcesBuildPhase;
			buildActionMask = 2147483647;
			files = (
			);
			runOnlyForDeploymentPostprocessing = 0;
		};
		4D153EF02E126A5D00AFA2BF /* Resources */ = {
			isa = PBXResourcesBuildPhase;
			buildActionMask = 2147483647;
			files = (
			);
			runOnlyForDeploymentPostprocessing = 0;
		};
		4D153EFA2E126A5D00AFA2BF /* Resources */ = {
			isa = PBXResourcesBuildPhase;
			buildActionMask = 2147483647;
			files = (
			);
			runOnlyForDeploymentPostprocessing = 0;
		};
/* End PBXResourcesBuildPhase section */

/* Begin PBXSourcesBuildPhase section */
		4D153EE12E126A5700AFA2BF /* Sources */ = {
			isa = PBXSourcesBuildPhase;
			buildActionMask = 2147483647;
			files = (
			);
			runOnlyForDeploymentPostprocessing = 0;
		};
		4D153EEE2E126A5D00AFA2BF /* Sources */ = {
			isa = PBXSourcesBuildPhase;
			buildActionMask = 2147483647;
			files = (
			);
			runOnlyForDeploymentPostprocessing = 0;
		};
		4D153EF82E126A5D00AFA2BF /* Sources */ = {
			isa = PBXSourcesBuildPhase;
			buildActionMask = 2147483647;
			files = (
			);
			runOnlyForDeploymentPostprocessing = 0;
		};
/* End PBXSourcesBuildPhase section */

/* Begin PBXTargetDependency section */
		4D153EF42E126A5D00AFA2BF /* PBXTargetDependency */ = {
			isa = PBXTargetDependency;
			target = 4D153EE42E126A5700AFA2BF /* WeAct */;
			targetProxy = 4D153EF32E126A5D00AFA2BF /* PBXContainerItemProxy */;
		};
		4D153EFE2E126A5D00AFA2BF /* PBXTargetDependency */ = {
			isa = PBXTargetDependency;
			target = 4D153EE42E126A5700AFA2BF /* WeAct */;
			targetProxy = 4D153EFD2E126A5D00AFA2BF /* PBXContainerItemProxy */;
		};
/* End PBXTargetDependency section */

/* Begin XCBuildConfiguration section */
		4D153F042E126A5D00AFA2BF /* Debug */ = {
			isa = XCBuildConfiguration;
			buildSettings = {
				ALWAYS_SEARCH_USER_PATHS = NO;
				ASSETCATALOG_COMPILER_GENERATE_SWIFT_ASSET_SYMBOL_EXTENSIONS = YES;
				CLANG_ANALYZER_NONNULL = YES;
				CLANG_ANALYZER_NUMBER_OBJECT_CONVERSION = YES_AGGRESSIVE;
				CLANG_CXX_LANGUAGE_STANDARD = "gnu++20";
				CLANG_ENABLE_MODULES = YES;
				CLANG_ENABLE_OBJC_ARC = YES;
				CLANG_ENABLE_OBJC_WEAK = YES;
				CLANG_WARN_BLOCK_CAPTURE_AUTORELEASING = YES;
				CLANG_WARN_BOOL_CONVERSION = YES;
				CLANG_WARN_COMMA = YES;
				CLANG_WARN_CONSTANT_CONVERSION = YES;
				CLANG_WARN_DEPRECATED_OBJC_IMPLEMENTATIONS = YES;
				CLANG_WARN_DIRECT_OBJC_ISA_USAGE = YES_ERROR;
				CLANG_WARN_DOCUMENTATION_COMMENTS = YES;
				CLANG_WARN_EMPTY_BODY = YES;
				CLANG_WARN_ENUM_CONVERSION = YES;
				CLANG_WARN_INFINITE_RECURSION = YES;
				CLANG_WARN_INT_CONVERSION = YES;
				CLANG_WARN_NON_LITERAL_NULL_CONVERSION = YES;
				CLANG_WARN_OBJC_IMPLICIT_RETAIN_SELF = YES;
				CLANG_WARN_OBJC_LITERAL_CONVERSION = YES;
				CLANG_WARN_OBJC_ROOT_CLASS = YES_ERROR;
				CLANG_WARN_QUOTED_INCLUDE_IN_FRAMEWORK_HEADER = YES;
				CLANG_WARN_RANGE_LOOP_ANALYSIS = YES;
				CLANG_WARN_STRICT_PROTOTYPES = YES;
				CLANG_WARN_SUSPICIOUS_MOVE = YES;
				CLANG_WARN_UNGUARDED_AVAILABILITY = YES_AGGRESSIVE;
				CLANG_WARN_UNREACHABLE_CODE = YES;
				CLANG_WARN__DUPLICATE_METHOD_MATCH = YES;
				COPY_PHASE_STRIP = NO;
				DEBUG_INFORMATION_FORMAT = dwarf;
				DEVELOPMENT_TEAM = BS6FMWVMX4;
				ENABLE_STRICT_OBJC_MSGSEND = YES;
				ENABLE_TESTABILITY = YES;
				ENABLE_USER_SCRIPT_SANDBOXING = YES;
				GCC_C_LANGUAGE_STANDARD = gnu17;
				GCC_DYNAMIC_NO_PIC = NO;
				GCC_NO_COMMON_BLOCKS = YES;
				GCC_OPTIMIZATION_LEVEL = 0;
				GCC_PREPROCESSOR_DEFINITIONS = (
					"DEBUG=1",
					"$(inherited)",
				);
				GCC_WARN_64_TO_32_BIT_CONVERSION = YES;
				GCC_WARN_ABOUT_RETURN_TYPE = YES_ERROR;
				GCC_WARN_UNDECLARED_SELECTOR = YES;
				GCC_WARN_UNINITIALIZED_AUTOS = YES_AGGRESSIVE;
				GCC_WARN_UNUSED_FUNCTION = YES;
				GCC_WARN_UNUSED_VARIABLE = YES;
				IPHONEOS_DEPLOYMENT_TARGET = 18.5;
				LOCALIZATION_PREFERS_STRING_CATALOGS = YES;
				MTL_ENABLE_DEBUG_INFO = INCLUDE_SOURCE;
				MTL_FAST_MATH = YES;
				ONLY_ACTIVE_ARCH = YES;
				SDKROOT = iphoneos;
				SWIFT_ACTIVE_COMPILATION_CONDITIONS = "DEBUG $(inherited)";
				SWIFT_OPTIMIZATION_LEVEL = "-Onone";
			};
			name = Debug;
		};
		4D153F052E126A5D00AFA2BF /* Release */ = {
			isa = XCBuildConfiguration;
			buildSettings = {
				ALWAYS_SEARCH_USER_PATHS = NO;
				ASSETCATALOG_COMPILER_GENERATE_SWIFT_ASSET_SYMBOL_EXTENSIONS = YES;
				CLANG_ANALYZER_NONNULL = YES;
				CLANG_ANALYZER_NUMBER_OBJECT_CONVERSION = YES_AGGRESSIVE;
				CLANG_CXX_LANGUAGE_STANDARD = "gnu++20";
				CLANG_ENABLE_MODULES = YES;
				CLANG_ENABLE_OBJC_ARC = YES;
				CLANG_ENABLE_OBJC_WEAK = YES;
				CLANG_WARN_BLOCK_CAPTURE_AUTORELEASING = YES;
				CLANG_WARN_BOOL_CONVERSION = YES;
				CLANG_WARN_COMMA = YES;
				CLANG_WARN_CONSTANT_CONVERSION = YES;
				CLANG_WARN_DEPRECATED_OBJC_IMPLEMENTATIONS = YES;
				CLANG_WARN_DIRECT_OBJC_ISA_USAGE = YES_ERROR;
				CLANG_WARN_DOCUMENTATION_COMMENTS = YES;
				CLANG_WARN_EMPTY_BODY = YES;
				CLANG_WARN_ENUM_CONVERSION = YES;
				CLANG_WARN_INFINITE_RECURSION = YES;
				CLANG_WARN_INT_CONVERSION = YES;
				CLANG_WARN_NON_LITERAL_NULL_CONVERSION = YES;
				CLANG_WARN_OBJC_IMPLICIT_RETAIN_SELF = YES;
				CLANG_WARN_OBJC_LITERAL_CONVERSION = YES;
				CLANG_WARN_OBJC_ROOT_CLASS = YES_ERROR;
				CLANG_WARN_QUOTED_INCLUDE_IN_FRAMEWORK_HEADER = YES;
				CLANG_WARN_RANGE_LOOP_ANALYSIS = YES;
				CLANG_WARN_STRICT_PROTOTYPES = YES;
				CLANG_WARN_SUSPICIOUS_MOVE = YES;
				CLANG_WARN_UNGUARDED_AVAILABILITY = YES_AGGRESSIVE;
				CLANG_WARN_UNREACHABLE_CODE = YES;
				CLANG_WARN__DUPLICATE_METHOD_MATCH = YES;
				COPY_PHASE_STRIP = NO;
				DEBUG_INFORMATION_FORMAT = "dwarf-with-dsym";
				DEVELOPMENT_TEAM = BS6FMWVMX4;
				ENABLE_NS_ASSERTIONS = NO;
				ENABLE_STRICT_OBJC_MSGSEND = YES;
				ENABLE_USER_SCRIPT_SANDBOXING = YES;
				GCC_C_LANGUAGE_STANDARD = gnu17;
				GCC_NO_COMMON_BLOCKS = YES;
				GCC_WARN_64_TO_32_BIT_CONVERSION = YES;
				GCC_WARN_ABOUT_RETURN_TYPE = YES_ERROR;
				GCC_WARN_UNDECLARED_SELECTOR = YES;
				GCC_WARN_UNINITIALIZED_AUTOS = YES_AGGRESSIVE;
				GCC_WARN_UNUSED_FUNCTION = YES;
				GCC_WARN_UNUSED_VARIABLE = YES;
				IPHONEOS_DEPLOYMENT_TARGET = 18.5;
				LOCALIZATION_PREFERS_STRING_CATALOGS = YES;
				MTL_ENABLE_DEBUG_INFO = NO;
				MTL_FAST_MATH = YES;
				SDKROOT = iphoneos;
				SWIFT_COMPILATION_MODE = wholemodule;
				VALIDATE_PRODUCT = YES;
			};
			name = Release;
		};
		4D153F072E126A5D00AFA2BF /* Debug */ = {
			isa = XCBuildConfiguration;
			buildSettings = {
				ASSETCATALOG_COMPILER_APPICON_NAME = AppIcon;
				ASSETCATALOG_COMPILER_GLOBAL_ACCENT_COLOR_NAME = AccentColor;
				CODE_SIGN_STYLE = Automatic;
				CURRENT_PROJECT_VERSION = 1;
				DEVELOPMENT_TEAM = BS6FMWVMX4;
				ENABLE_PREVIEWS = YES;
				GENERATE_INFOPLIST_FILE = YES;
				INFOPLIST_FILE = WeAct/Info.plist;
				INFOPLIST_KEY_NSPhotoLibraryAddUsageDescription = "이미지를 저장하기 위해 사진 라이브러리에 접근합니다.\n";
				INFOPLIST_KEY_UIApplicationSceneManifest_Generation = YES;
				INFOPLIST_KEY_UIApplicationSupportsIndirectInputEvents = YES;
				INFOPLIST_KEY_UILaunchScreen_Generation = YES;
				INFOPLIST_KEY_UISupportedInterfaceOrientations_iPad = "UIInterfaceOrientationPortrait UIInterfaceOrientationPortraitUpsideDown UIInterfaceOrientationLandscapeLeft UIInterfaceOrientationLandscapeRight";
				INFOPLIST_KEY_UISupportedInterfaceOrientations_iPhone = "UIInterfaceOrientationPortrait UIInterfaceOrientationLandscapeLeft UIInterfaceOrientationLandscapeRight";
				IPHONEOS_DEPLOYMENT_TARGET = 18.4;
				LD_RUNPATH_SEARCH_PATHS = (
					"$(inherited)",
					"@executable_path/Frameworks",
				);
				MARKETING_VERSION = 1.0;
				PRODUCT_BUNDLE_IDENTIFIER = Seunghun2.WeAct;
				PRODUCT_NAME = "$(TARGET_NAME)";
				SWIFT_EMIT_LOC_STRINGS = YES;
				SWIFT_VERSION = 5.0;
				TARGETED_DEVICE_FAMILY = 1;
			};
			name = Debug;
		};
		4D153F082E126A5D00AFA2BF /* Release */ = {
			isa = XCBuildConfiguration;
			buildSettings = {
				ASSETCATALOG_COMPILER_APPICON_NAME = AppIcon;
				ASSETCATALOG_COMPILER_GLOBAL_ACCENT_COLOR_NAME = AccentColor;
				CODE_SIGN_STYLE = Automatic;
				CURRENT_PROJECT_VERSION = 1;
				DEVELOPMENT_TEAM = BS6FMWVMX4;
				ENABLE_PREVIEWS = YES;
				GENERATE_INFOPLIST_FILE = YES;
				INFOPLIST_FILE = WeAct/Info.plist;
				INFOPLIST_KEY_NSPhotoLibraryAddUsageDescription = "이미지를 저장하기 위해 사진 라이브러리에 접근합니다.\n";
				INFOPLIST_KEY_UIApplicationSceneManifest_Generation = YES;
				INFOPLIST_KEY_UIApplicationSupportsIndirectInputEvents = YES;
				INFOPLIST_KEY_UILaunchScreen_Generation = YES;
				INFOPLIST_KEY_UISupportedInterfaceOrientations_iPad = "UIInterfaceOrientationPortrait UIInterfaceOrientationPortraitUpsideDown UIInterfaceOrientationLandscapeLeft UIInterfaceOrientationLandscapeRight";
				INFOPLIST_KEY_UISupportedInterfaceOrientations_iPhone = "UIInterfaceOrientationPortrait UIInterfaceOrientationLandscapeLeft UIInterfaceOrientationLandscapeRight";
				IPHONEOS_DEPLOYMENT_TARGET = 18.4;
				LD_RUNPATH_SEARCH_PATHS = (
					"$(inherited)",
					"@executable_path/Frameworks",
				);
				MARKETING_VERSION = 1.0;
				PRODUCT_BUNDLE_IDENTIFIER = Seunghun2.WeAct;
				PRODUCT_NAME = "$(TARGET_NAME)";
				SWIFT_EMIT_LOC_STRINGS = YES;
				SWIFT_VERSION = 5.0;
				TARGETED_DEVICE_FAMILY = 1;
			};
			name = Release;
		};
		4D153F0A2E126A5D00AFA2BF /* Debug */ = {
			isa = XCBuildConfiguration;
			buildSettings = {
				BUNDLE_LOADER = "$(TEST_HOST)";
				CODE_SIGN_STYLE = Automatic;
				CURRENT_PROJECT_VERSION = 1;
				DEVELOPMENT_TEAM = BS6FMWVMX4;
				GENERATE_INFOPLIST_FILE = YES;
				IPHONEOS_DEPLOYMENT_TARGET = 18.5;
				MARKETING_VERSION = 1.0;
				PRODUCT_BUNDLE_IDENTIFIER = Seunghun.WeActTests;
				PRODUCT_NAME = "$(TARGET_NAME)";
				SWIFT_EMIT_LOC_STRINGS = NO;
				SWIFT_VERSION = 5.0;
				TARGETED_DEVICE_FAMILY = "1,2";
				TEST_HOST = "$(BUILT_PRODUCTS_DIR)/WeAct.app/$(BUNDLE_EXECUTABLE_FOLDER_PATH)/WeAct";
			};
			name = Debug;
		};
		4D153F0B2E126A5D00AFA2BF /* Release */ = {
			isa = XCBuildConfiguration;
			buildSettings = {
				BUNDLE_LOADER = "$(TEST_HOST)";
				CODE_SIGN_STYLE = Automatic;
				CURRENT_PROJECT_VERSION = 1;
				DEVELOPMENT_TEAM = BS6FMWVMX4;
				GENERATE_INFOPLIST_FILE = YES;
				IPHONEOS_DEPLOYMENT_TARGET = 18.5;
				MARKETING_VERSION = 1.0;
				PRODUCT_BUNDLE_IDENTIFIER = Seunghun.WeActTests;
				PRODUCT_NAME = "$(TARGET_NAME)";
				SWIFT_EMIT_LOC_STRINGS = NO;
				SWIFT_VERSION = 5.0;
				TARGETED_DEVICE_FAMILY = "1,2";
				TEST_HOST = "$(BUILT_PRODUCTS_DIR)/WeAct.app/$(BUNDLE_EXECUTABLE_FOLDER_PATH)/WeAct";
			};
			name = Release;
		};
		4D153F0D2E126A5D00AFA2BF /* Debug */ = {
			isa = XCBuildConfiguration;
			buildSettings = {
				CODE_SIGN_STYLE = Automatic;
				CURRENT_PROJECT_VERSION = 1;
				DEVELOPMENT_TEAM = BS6FMWVMX4;
				GENERATE_INFOPLIST_FILE = YES;
				MARKETING_VERSION = 1.0;
				PRODUCT_BUNDLE_IDENTIFIER = Seunghun.WeActUITests;
				PRODUCT_NAME = "$(TARGET_NAME)";
				SWIFT_EMIT_LOC_STRINGS = NO;
				SWIFT_VERSION = 5.0;
				TARGETED_DEVICE_FAMILY = "1,2";
				TEST_TARGET_NAME = WeAct;
			};
			name = Debug;
		};
		4D153F0E2E126A5D00AFA2BF /* Release */ = {
			isa = XCBuildConfiguration;
			buildSettings = {
				CODE_SIGN_STYLE = Automatic;
				CURRENT_PROJECT_VERSION = 1;
				DEVELOPMENT_TEAM = BS6FMWVMX4;
				GENERATE_INFOPLIST_FILE = YES;
				MARKETING_VERSION = 1.0;
				PRODUCT_BUNDLE_IDENTIFIER = Seunghun.WeActUITests;
				PRODUCT_NAME = "$(TARGET_NAME)";
				SWIFT_EMIT_LOC_STRINGS = NO;
				SWIFT_VERSION = 5.0;
				TARGETED_DEVICE_FAMILY = "1,2";
				TEST_TARGET_NAME = WeAct;
			};
			name = Release;
		};
/* End XCBuildConfiguration section */

/* Begin XCConfigurationList section */
		4D153EE02E126A5700AFA2BF /* Build configuration list for PBXProject "WeAct" */ = {
			isa = XCConfigurationList;
			buildConfigurations = (
				4D153F042E126A5D00AFA2BF /* Debug */,
				4D153F052E126A5D00AFA2BF /* Release */,
			);
			defaultConfigurationIsVisible = 0;
			defaultConfigurationName = Release;
		};
		4D153F062E126A5D00AFA2BF /* Build configuration list for PBXNativeTarget "WeAct" */ = {
			isa = XCConfigurationList;
			buildConfigurations = (
				4D153F072E126A5D00AFA2BF /* Debug */,
				4D153F082E126A5D00AFA2BF /* Release */,
			);
			defaultConfigurationIsVisible = 0;
			defaultConfigurationName = Release;
		};
		4D153F092E126A5D00AFA2BF /* Build configuration list for PBXNativeTarget "WeActTests" */ = {
			isa = XCConfigurationList;
			buildConfigurations = (
				4D153F0A2E126A5D00AFA2BF /* Debug */,
				4D153F0B2E126A5D00AFA2BF /* Release */,
			);
			defaultConfigurationIsVisible = 0;
			defaultConfigurationName = Release;
		};
		4D153F0C2E126A5D00AFA2BF /* Build configuration list for PBXNativeTarget "WeActUITests" */ = {
			isa = XCConfigurationList;
			buildConfigurations = (
				4D153F0D2E126A5D00AFA2BF /* Debug */,
				4D153F0E2E126A5D00AFA2BF /* Release */,
			);
			defaultConfigurationIsVisible = 0;
			defaultConfigurationName = Release;
		};
/* End XCConfigurationList section */
	};
	rootObject = 4D153EDD2E126A5700AFA2BF /* Project object */;
}
